
Microsoft Visual Studio Solution File, Format Version 12.00
# Visual Studio Version 16
VisualStudioVersion = 16.0.30128.74
MinimumVisualStudioVersion = 10.0.40219.1
Project("{FAE04EC0-301F-11D3-BF4B-00C04F79EFBC}") = "DenniRatClient", "DenniRatClient\DenniRatClient.csproj", "{3F0214DE-3C80-4F8D-B513-EBAC76B26752}"
EndProject
Global
	GlobalSection(SolutionConfigurationPlatforms) = preSolution
		Debug|Any CPU = Debug|Any CPU
		Release|Any CPU = Release|Any CPU
	EndGlobalSection
	GlobalSection(ProjectConfigurationPlatforms) = postSolution
		{3F0214DE-3C80-4F8D-B513-EBAC76B26752}.Debug|Any CPU.ActiveCfg = Debug|Any CPU
		{3F0214DE-3C80-4F8D-B513-EBAC76B26752}.Debug|Any CPU.Build.0 = Debug|Any CPU
		{3F0214DE-3C80-4F8D-B513-EBAC76B26752}.Release|Any CPU.ActiveCfg = Release|Any CPU
		{3F0214DE-3C80-4F8D-B513-EBAC76B26752}.Release|Any CPU.Build.0 = Release|Any CPU
	EndGlobalSection
	GlobalSection(SolutionProperties) = preSolution
		HideSolutionNode = FALSE
	EndGlobalSection
	GlobalSection(ExtensibilityGlobals) = postSolution
		SolutionGuid = {5D2DBCEC-CE90-44D6-90F6-F59BB2279587}
	EndGlobalSection
EndGlobal
